
Microsoft Visual Studio Solution File, Format Version 12.00
# Visual Studio Version 17
VisualStudioVersion = 17.10.35013.160
MinimumVisualStudioVersion = 10.0.40219.1
Project("{FAE04EC0-301F-11D3-BF4B-00C04F79EFBC}") = "KDBSUIWeb", "KDBSUIWeb\KDBSUIWeb.csproj", "{73F3E4F9-C651-4F06-BB11-36AE152A60B0}"
EndProject
Global
	GlobalSection(SolutionConfigurationPlatforms) = preSolution
		Debug|Any CPU = Debug|Any CPU
		Release|Any CPU = Release|Any CPU
	EndGlobalSection
	GlobalSection(ProjectConfigurationPlatforms) = postSolution
		{73F3E4F9-C651-4F06-BB11-36AE152A60B0}.Debug|Any CPU.ActiveCfg = Debug|Any CPU
		{73F3E4F9-C651-4F06-BB11-36AE152A60B0}.Debug|Any CPU.Build.0 = Debug|Any CPU
		{73F3E4F9-C651-4F06-BB11-36AE152A60B0}.Release|Any CPU.ActiveCfg = Release|Any CPU
		{73F3E4F9-C651-4F06-BB11-36AE152A60B0}.Release|Any CPU.Build.0 = Release|Any CPU
	EndGlobalSection
	GlobalSection(SolutionProperties) = preSolution
		HideSolutionNode = FALSE
	EndGlobalSection
	GlobalSection(ExtensibilityGlobals) = postSolution
		SolutionGuid = {52B7B01B-00FF-4B70-9B24-0EDB94C72E8F}
	EndGlobalSection
EndGlobal
